{
  "version": 4,
  "terraform_version": "1.15.3",
  "serial": 3,
  "lineage": "476e2cf9-10e2-2138-7aa0-8fe9ac1105fc",
  "outputs": {},
  "resources": [
    {
      "mode": "data",
      "type": "archive_file",
      "name": "lambda_1_zip",
      "provider": "provider[\"registry.terraform.io/hashicorp/archive\"]",
      "instances": [
        {
          "schema_version": 0,
          "attributes": {
            "exclude_symlink_directories": null,
            "excludes": null,
            "id": "1d36a4954bf5b4930f77a4df520aefbcaed719c8",
            "output_base64sha256": "8Ao064/kQKytYI90G9xiDfGkmEc0YSkZWfZ/fo386TA=",
            "output_base64sha512": "CfNHxpE8fA1oboXgT8HE882TUdnr7TnF443xVuTK1FzZ8KMhK1toV2ugiuxY28+aKdhu7u/kbQSQj9ZZzkxvzA==",
            "output_file_mode": null,
            "output_md5": "9a16499d6b0ac4488fc6ffafcea2757b",
            "output_path": "./lambdas/lambda1.zip",
            "output_sha": "1d36a4954bf5b4930f77a4df520aefbcaed719c8",
            "output_sha256": "f00a34eb8fe440acad608f741bdc620df1a498473461291959f67f7e8dfce930",
            "output_sha512": "09f347c6913c7c0d686e85e04fc1c4f3cd9351d9ebed39c5e38df156e4cad45cd9f0a3212b5b68576ba08aec58dbcf9a29d86eeeefe46d04908fd659ce4c6fcc",
            "output_size": 205,
            "source": [
              {
                "content": "exports.handler = async (event) =\u003e { return 'Hello from Lambda 1'; };",
                "filename": "index.js"
              }
            ],
            "source_content": null,
            "source_content_filename": null,
            "source_dir": null,
            "source_file": null,
            "type": "zip"
          },
          "sensitive_attributes": [],
          "identity_schema_version": 0
        }
      ]
    },
    {
      "mode": "data",
      "type": "archive_file",
      "name": "lambda_2_zip",
      "provider": "provider[\"registry.terraform.io/hashicorp/archive\"]",
      "instances": [
        {
          "schema_version": 0,
          "attributes": {
            "exclude_symlink_directories": null,
            "excludes": null,
            "id": "2210bc27726aa07fa2ce304010a6f06cf49fc68f",
            "output_base64sha256": "Og3L2IO55i2N3IAk1tKVm6W/A4uZkxSAt8Iq0Rkw0/k=",
            "output_base64sha512": "+VDBVkTMCdisexqGoiV04kR/HYguNiEf7zOABmcGQ4fUScdO9fj6nTrG6+iTuljYI+cziti89Vr0zfoZSJLeJQ==",
            "output_file_mode": null,
            "output_md5": "66b1212d6aff0df5d93c968b1d0dfd61",
            "output_path": "./lambdas/lambda2.zip",
            "output_sha": "2210bc27726aa07fa2ce304010a6f06cf49fc68f",
            "output_sha256": "3a0dcbd883b9e62d8ddc8024d6d2959ba5bf038b99931480b7c22ad11930d3f9",
            "output_sha512": "f950c15644cc09d8ac7b1a86a22574e2447f1d882e36211fef33800667064387d449c74ef5f8fa9d3ac6ebe893ba58d823e7338ad8bcf55af4cdfa194892de25",
            "output_size": 205,
            "source": [
              {
                "content": "exports.handler = async (event) =\u003e { return 'Hello from Lambda 2'; };",
                "filename": "index.js"
              }
            ],
            "source_content": null,
            "source_content_filename": null,
            "source_dir": null,
            "source_file": null,
            "type": "zip"
          },
          "sensitive_attributes": [],
          "identity_schema_version": 0
        }
      ]
    },
    {
      "mode": "managed",
      "type": "aws_db_instance",
      "name": "local_db",
      "provider": "provider[\"registry.terraform.io/hashicorp/aws\"]",
      "instances": [
        {
          "status": "tainted",
          "schema_version": 2,
          "attributes": {
            "address": null,
            "allocated_storage": 10,
            "allow_major_version_upgrade": null,
            "apply_immediately": false,
            "arn": null,
            "auto_minor_version_upgrade": true,
            "availability_zone": null,
            "backup_retention_period": null,
            "backup_target": null,
            "backup_window": null,
            "blue_green_update": [],
            "ca_cert_identifier": null,
            "character_set_name": null,
            "copy_tags_to_snapshot": false,
            "custom_iam_instance_profile": null,
            "customer_owned_ip_enabled": null,
            "database_insights_mode": null,
            "db_name": "local_db",
            "db_subnet_group_name": null,
            "dedicated_log_volume": false,
            "delete_automated_backups": true,
            "deletion_protection": null,
            "domain": null,
            "domain_auth_secret_arn": null,
            "domain_dns_ips": null,
            "domain_fqdn": null,
            "domain_iam_role_name": null,
            "domain_ou": null,
            "enabled_cloudwatch_logs_exports": null,
            "endpoint": null,
            "engine": "postgres",
            "engine_lifecycle_support": null,
            "engine_version": "15",
            "engine_version_actual": null,
            "final_snapshot_identifier": null,
            "hosted_zone_id": null,
            "iam_database_authentication_enabled": null,
            "id": "db-A10178688D6E40E89C16384D",
            "identifier": null,
            "identifier_prefix": null,
            "instance_class": "db.t3.micro",
            "iops": null,
            "kms_key_id": null,
            "latest_restorable_time": null,
            "license_model": null,
            "listener_endpoint": null,
            "maintenance_window": null,
            "manage_master_user_password": null,
            "master_user_secret": null,
            "master_user_secret_kms_key_id": null,
            "max_allocated_storage": null,
            "monitoring_interval": 0,
            "monitoring_role_arn": null,
            "multi_az": null,
            "nchar_character_set_name": null,
            "network_type": null,
            "option_group_name": null,
            "parameter_group_name": null,
            "password": "supersecret",
            "password_wo": null,
            "password_wo_version": null,
            "performance_insights_enabled": false,
            "performance_insights_kms_key_id": null,
            "performance_insights_retention_period": null,
            "port": null,
            "publicly_accessible": false,
            "region": "us-east-1",
            "replica_mode": null,
            "replicas": null,
            "replicate_source_db": null,
            "resource_id": null,
            "restore_to_point_in_time": [],
            "s3_import": [],
            "skip_final_snapshot": true,
            "snapshot_identifier": null,
            "status": null,
            "storage_encrypted": null,
            "storage_throughput": null,
            "storage_type": null,
            "tags": null,
            "tags_all": null,
            "timeouts": null,
            "timezone": null,
            "upgrade_rollout_order": null,
            "upgrade_storage_config": null,
            "username": "admin",
            "vpc_security_group_ids": []
          },
          "sensitive_attributes": [
            [
              {
                "type": "get_attr",
                "value": "password"
              }
            ],
            [
              {
                "type": "get_attr",
                "value": "password_wo"
              }
            ]
          ],
          "identity_schema_version": 0,
          "private": "eyJlMmJmYjczMC1lY2FhLTExZTYtOGY4OC0zNDM2M2JjN2M0YzAiOnsiY3JlYXRlIjozMDAwMDAwMDAwMDAwLCJkZWxldGUiOjM2MDAwMDAwMDAwMDAsInVwZGF0ZSI6NDgwMDAwMDAwMDAwMH0sInNjaGVtYV92ZXJzaW9uIjoiMiJ9"
        }
      ]
    }
  ],
  "check_results": null
}
